
Microsoft Visual Studio Solution File, Format Version 12.00
# Visual Studio Version 17
VisualStudioVersion = 17.3.32825.248
MinimumVisualStudioVersion = 10.0.40219.1
Project("{FAE04EC0-301F-11D3-BF4B-00C04F79EFBC}") = "Practical work 11.6", "Practical work 11.6.csproj", "{064073DB-D8F9-479D-A079-B2FE16D0DEF4}"
EndProject
Global
	GlobalSection(SolutionConfigurationPlatforms) = preSolution
		Debug|Any CPU = Debug|Any CPU
		Release|Any CPU = Release|Any CPU
	EndGlobalSection
	GlobalSection(ProjectConfigurationPlatforms) = postSolution
		{064073DB-D8F9-479D-A079-B2FE16D0DEF4}.Debug|Any CPU.ActiveCfg = Debug|Any CPU
		{064073DB-D8F9-479D-A079-B2FE16D0DEF4}.Debug|Any CPU.Build.0 = Debug|Any CPU
		{064073DB-D8F9-479D-A079-B2FE16D0DEF4}.Release|Any CPU.ActiveCfg = Release|Any CPU
		{064073DB-D8F9-479D-A079-B2FE16D0DEF4}.Release|Any CPU.Build.0 = Release|Any CPU
	EndGlobalSection
	GlobalSection(SolutionProperties) = preSolution
		HideSolutionNode = FALSE
	EndGlobalSection
	GlobalSection(ExtensibilityGlobals) = postSolution
		SolutionGuid = {61C58EFC-395D-4205-83F9-EFB884693A46}
	EndGlobalSection
EndGlobal
